
Microsoft Visual Studio Solution File, Format Version 12.00
# Visual Studio Version 17
VisualStudioVersion = 17.14.36310.24 d17.14
MinimumVisualStudioVersion = 10.0.40219.1
Project("{FAE04EC0-301F-11D3-BF4B-00C04F79EFBC}") = "Toolbox", "Toolbox.csproj", "{C381685C-8AD0-4C32-95C7-54C66ED65885}"
EndProject
Global
	GlobalSection(SolutionConfigurationPlatforms) = preSolution
		Debug|Any CPU = Debug|Any CPU
		Release|Any CPU = Release|Any CPU
	EndGlobalSection
	GlobalSection(ProjectConfigurationPlatforms) = postSolution
		{C381685C-8AD0-4C32-95C7-54C66ED65885}.Debug|Any CPU.ActiveCfg = Debug|Any CPU
		{C381685C-8AD0-4C32-95C7-54C66ED65885}.Debug|Any CPU.Build.0 = Debug|Any CPU
		{C381685C-8AD0-4C32-95C7-54C66ED65885}.Release|Any CPU.ActiveCfg = Release|Any CPU
		{C381685C-8AD0-4C32-95C7-54C66ED65885}.Release|Any CPU.Build.0 = Release|Any CPU
	EndGlobalSection
	GlobalSection(SolutionProperties) = preSolution
		HideSolutionNode = FALSE
	EndGlobalSection
	GlobalSection(ExtensibilityGlobals) = postSolution
		SolutionGuid = {E12D4688-6BB0-43CF-8A09-4970CA16C8B3}
	EndGlobalSection
EndGlobal
